// !$*UTF8*$!
{
	archiveVersion = 1;
	classes = {
	};
	objectVersion = 46;
	objects = {

/* Begin PBXBuildFile section */
		5B8C2F6A1C321E1A0024C4FF /* main.m in Sources */ = {isa = PBXBuildFile; fileRef = 5B8C2F691C321E1A0024C4FF /* main.m */; };
		5B8C2F6D1C321E1A0024C4FF /* AppDelegate.m in Sources */ = {isa = PBXBuildFile; fileRef = 5B8C2F6C1C321E1A0024C4FF /* AppDelegate.m */; };
		5B8C2F701C321E1A0024C4FF /* SearchOperationViewController.m in Sources */ = {isa = PBXBuildFile; fileRef = 5B8C2F6F1C321E1A0024C4FF /* SearchOperationViewController.m */; };
		5B8C2F731C321E1A0024C4FF /* Main.storyboard in Resources */ = {isa = PBXBuildFile; fileRef = 5B8C2F711C321E1A0024C4FF /* Main.storyboard */; };
		5B8C2F751C321E1A0024C4FF /* Assets.xcassets in Resources */ = {isa = PBXBuildFile; fileRef = 5B8C2F741C321E1A0024C4FF /* Assets.xcassets */; };
		5B8C2F781C321E1A0024C4FF /* LaunchScreen.storyboard in Resources */ = {isa = PBXBuildFile; fileRef = 5B8C2F761C321E1A0024C4FF /* LaunchScreen.storyboard */; };
		D1964923C9F2444BAA7D5CBA /* libPods.a in Frameworks */ = {isa = PBXBuildFile; fileRef = 4517B667E0565CEB49A4B72F /* libPods.a */; };
/* End PBXBuildFile section */

/* Begin PBXFileReference section */
		4517B667E0565CEB49A4B72F /* libPods.a */ = {isa = PBXFileReference; explicitFileType = archive.ar; includeInIndex = 0; path = libPods.a; sourceTree = BUILT_PRODUCTS_DIR; };
		5B8C2F651C321E1A0024C4FF /* SFToLF.app */ = {isa = PBXFileReference; explicitFileType = wrapper.application; includeInIndex = 0; path = SFToLF.app; sourceTree = BUILT_PRODUCTS_DIR; };
		5B8C2F691C321E1A0024C4FF /* main.m */ = {isa = PBXFileReference; lastKnownFileType = sourcecode.c.objc; path = main.m; sourceTree = "<group>"; };
		5B8C2F6B1C321E1A0024C4FF /* AppDelegate.h */ = {isa = PBXFileReference; lastKnownFileType = sourcecode.c.h; path = AppDelegate.h; sourceTree = "<group>"; };
		5B8C2F6C1C321E1A0024C4FF /* AppDelegate.m */ = {isa = PBXFileReference; lastKnownFileType = sourcecode.c.objc; path = AppDelegate.m; sourceTree = "<group>"; };
		5B8C2F6E1C321E1A0024C4FF /* SearchOperationViewController.h */ = {isa = PBXFileReference; lastKnownFileType = sourcecode.c.h; path = SearchOperationViewController.h; sourceTree = "<group>"; };
		5B8C2F6F1C321E1A0024C4FF /* SearchOperationViewController.m */ = {isa = PBXFileReference; lastKnownFileType = sourcecode.c.objc; path = SearchOperationViewController.m; sourceTree = "<group>"; };
		5B8C2F721C321E1A0024C4FF /* Base */ = {isa = PBXFileReference; lastKnownFileType = file.storyboard; name = Base; path = Base.lproj/Main.storyboard; sourceTree = "<group>"; };
		5B8C2F741C321E1A0024C4FF /* Assets.xcassets */ = {isa = PBXFileReference; lastKnownFileType = folder.assetcatalog; path = Assets.xcassets; sourceTree = "<group>"; };
		5B8C2F771C321E1A0024C4FF /* Base */ = {isa = PBXFileReference; lastKnownFileType = file.storyboard; name = Base; path = Base.lproj/LaunchScreen.storyboard; sourceTree = "<group>"; };
		5B8C2F791C321E1A0024C4FF /* Info.plist */ = {isa = PBXFileReference; lastKnownFileType = text.plist.xml; path = Info.plist; sourceTree = "<group>"; };
		5B8C2F7F1C32632F0024C4FF /* SFToLF-Prefix.pch */ = {isa = PBXFileReference; fileEncoding = 4; lastKnownFileType = sourcecode.c.h; path = "SFToLF-Prefix.pch"; sourceTree = "<group>"; };
		9C3D6C4176B84EBF2D2913C3 /* Pods.debug.xcconfig */ = {isa = PBXFileReference; includeInIndex = 1; lastKnownFileType = text.xcconfig; name = Pods.debug.xcconfig; path = "Pods/Target Support Files/Pods/Pods.debug.xcconfig"; sourceTree = "<group>"; };
		D330B7275AD038B295742A04 /* Pods.release.xcconfig */ = {isa = PBXFileReference; includeInIndex = 1; lastKnownFileType = text.xcconfig; name = Pods.release.xcconfig; path = "Pods/Target Support Files/Pods/Pods.release.xcconfig"; sourceTree = "<group>"; };
/* End PBXFileReference section */

/* Begin PBXFrameworksBuildPhase section */
		5B8C2F621C321E1A0024C4FF /* Frameworks */ = {
			isa = PBXFrameworksBuildPhase;
			buildActionMask = 2147483647;
			files = (
				D1964923C9F2444BAA7D5CBA /* libPods.a in Frameworks */,
			);
			runOnlyForDeploymentPostprocessing = 0;
		};
/* End PBXFrameworksBuildPhase section */

/* Begin PBXGroup section */
		5B8C2F5C1C321E1A0024C4FF = {
			isa = PBXGroup;
			children = (
				5B8C2F7F1C32632F0024C4FF /* SFToLF-Prefix.pch */,
				5B8C2F671C321E1A0024C4FF /* SFToLF */,
				5B8C2F661C321E1A0024C4FF /* Products */,
				A61B447492AE3E1937C6E3D5 /* Pods */,
				9893F0C36C4FB3717218BFC3 /* Frameworks */,
			);
			sourceTree = "<group>";
		};
		5B8C2F661C321E1A0024C4FF /* Products */ = {
			isa = PBXGroup;
			children = (
				5B8C2F651C321E1A0024C4FF /* SFToLF.app */,
			);
			name = Products;
			sourceTree = "<group>";
		};
		5B8C2F671C321E1A0024C4FF /* SFToLF */ = {
			isa = PBXGroup;
			children = (
				5B8C2F6B1C321E1A0024C4FF /* AppDelegate.h */,
				5B8C2F6C1C321E1A0024C4FF /* AppDelegate.m */,
				5B8C2F6E1C321E1A0024C4FF /* SearchOperationViewController.h */,
				5B8C2F6F1C321E1A0024C4FF /* SearchOperationViewController.m */,
				5B8C2F711C321E1A0024C4FF /* Main.storyboard */,
				5B8C2F741C321E1A0024C4FF /* Assets.xcassets */,
				5B8C2F761C321E1A0024C4FF /* LaunchScreen.storyboard */,
				5B8C2F791C321E1A0024C4FF /* Info.plist */,
				5B8C2F681C321E1A0024C4FF /* Supporting Files */,
			);
			path = SFToLF;
			sourceTree = "<group>";
		};
		5B8C2F681C321E1A0024C4FF /* Supporting Files */ = {
			isa = PBXGroup;
			children = (
				5B8C2F691C321E1A0024C4FF /* main.m */,
			);
			name = "Supporting Files";
			sourceTree = "<group>";
		};
		9893F0C36C4FB3717218BFC3 /* Frameworks */ = {
			isa = PBXGroup;
			children = (
				4517B667E0565CEB49A4B72F /* libPods.a */,
			);
			name = Frameworks;
			sourceTree = "<group>";
		};
		A61B447492AE3E1937C6E3D5 /* Pods */ = {
			isa = PBXGroup;
			children = (
				9C3D6C4176B84EBF2D2913C3 /* Pods.debug.xcconfig */,
				D330B7275AD038B295742A04 /* Pods.release.xcconfig */,
			);
			name = Pods;
			sourceTree = "<group>";
		};
/* End PBXGroup section */

/* Begin PBXNativeTarget section */
		5B8C2F641C321E1A0024C4FF /* SFToLF */ = {
			isa = PBXNativeTarget;
			buildConfigurationList = 5B8C2F7C1C321E1A0024C4FF /* Build configuration list for PBXNativeTarget "SFToLF" */;
			buildPhases = (
				979E8ABE4074E8DF27B45161 /* Check Pods Manifest.lock */,
				5B8C2F611C321E1A0024C4FF /* Sources */,
				5B8C2F621C321E1A0024C4FF /* Frameworks */,
				5B8C2F631C321E1A0024C4FF /* Resources */,
				C691C518B552FEC8E32A8CA5 /* Embed Pods Frameworks */,
				B40A59BAFD42763F5FF200F6 /* Copy Pods Resources */,
			);
			buildRules = (
			);
			dependencies = (
			);
			name = SFToLF;
			productName = SFToLF;
			productReference = 5B8C2F651C321E1A0024C4FF /* SFToLF.app */;
			productType = "com.apple.product-type.application";
		};
/* End PBXNativeTarget section */

/* Begin PBXProject section */
		5B8C2F5D1C321E1A0024C4FF /* Project object */ = {
			isa = PBXProject;
			attributes = {
				LastUpgradeCheck = 0710;
				ORGANIZATIONNAME = "Indi-Joshi";
				TargetAttributes = {
					5B8C2F641C321E1A0024C4FF = {
						CreatedOnToolsVersion = 7.1.1;
						DevelopmentTeam = ALLBY33H23;
					};
				};
			};
			buildConfigurationList = 5B8C2F601C321E1A0024C4FF /* Build configuration list for PBXProject "SFToLF" */;
			compatibilityVersion = "Xcode 3.2";
			developmentRegion = English;
			hasScannedForEncodings = 0;
			knownRegions = (
				en,
				Base,
			);
			mainGroup = 5B8C2F5C1C321E1A0024C4FF;
			productRefGroup = 5B8C2F661C321E1A0024C4FF /* Products */;
			projectDirPath = "";
			projectRoot = "";
			targets = (
				5B8C2F641C321E1A0024C4FF /* SFToLF */,
			);
		};
/* End PBXProject section */

/* Begin PBXResourcesBuildPhase section */
		5B8C2F631C321E1A0024C4FF /* Resources */ = {
			isa = PBXResourcesBuildPhase;
			buildActionMask = 2147483647;
			files = (
				5B8C2F781C321E1A0024C4FF /* LaunchScreen.storyboard in Resources */,
				5B8C2F751C321E1A0024C4FF /* Assets.xcassets in Resources */,
				5B8C2F731C321E1A0024C4FF /* Main.storyboard in Resources */,
			);
			runOnlyForDeploymentPostprocessing = 0;
		};
/* End PBXResourcesBuildPhase section */

/* Begin PBXShellScriptBuildPhase section */
		979E8ABE4074E8DF27B45161 /* Check Pods Manifest.lock */ = {
			isa = PBXShellScriptBuildPhase;
			buildActionMask = 2147483647;
			files = (
			);
			inputPaths = (
			);
			name = "Check Pods Manifest.lock";
			outputPaths = (
			);
			runOnlyForDeploymentPostprocessing = 0;
			shellPath = /bin/sh;
			shellScript = "diff \"${PODS_ROOT}/../Podfile.lock\" \"${PODS_ROOT}/Manifest.lock\" > /dev/null\nif [[ $? != 0 ]] ; then\n    cat << EOM\nerror: The sandbox is not in sync with the Podfile.lock. Run 'pod install' or update your CocoaPods installation.\nEOM\n    exit 1\nfi\n";
			showEnvVarsInLog = 0;
		};
		B40A59BAFD42763F5FF200F6 /* Copy Pods Resources */ = {
			isa = PBXShellScriptBuildPhase;
			buildActionMask = 2147483647;
			files = (
			);
			inputPaths = (
			);
			name = "Copy Pods Resources";
			outputPaths = (
			);
			runOnlyForDeploymentPostprocessing = 0;
			shellPath = /bin/sh;
			shellScript = "\"${SRCROOT}/Pods/Target Support Files/Pods/Pods-resources.sh\"\n";
			showEnvVarsInLog = 0;
		};
		C691C518B552FEC8E32A8CA5 /* Embed Pods Frameworks */ = {
			isa = PBXShellScriptBuildPhase;
			buildActionMask = 2147483647;
			files = (
			);
			inputPaths = (
			);
			name = "Embed Pods Frameworks";
			outputPaths = (
			);
			runOnlyForDeploymentPostprocessing = 0;
			shellPath = /bin/sh;
			shellScript = "\"${SRCROOT}/Pods/Target Support Files/Pods/Pods-frameworks.sh\"\n";
			showEnvVarsInLog = 0;
		};
/* End PBXShellScriptBuildPhase section */

/* Begin PBXSourcesBuildPhase section */
		5B8C2F611C321E1A0024C4FF /* Sources */ = {
			isa = PBXSourcesBuildPhase;
			buildActionMask = 2147483647;
			files = (
				5B8C2F701C321E1A0024C4FF /* SearchOperationViewController.m in Sources */,
				5B8C2F6D1C321E1A0024C4FF /* AppDelegate.m in Sources */,
				5B8C2F6A1C321E1A0024C4FF /* main.m in Sources */,
			);
			runOnlyForDeploymentPostprocessing = 0;
		};
/* End PBXSourcesBuildPhase section */

/* Begin PBXVariantGroup section */
		5B8C2F711C321E1A0024C4FF /* Main.storyboard */ = {
			isa = PBXVariantGroup;
			children = (
				5B8C2F721C321E1A0024C4FF /* Base */,
			);
			name = Main.storyboard;
			sourceTree = "<group>";
		};
		5B8C2F761C321E1A0024C4FF /* LaunchScreen.storyboard */ = {
			isa = PBXVariantGroup;
			children = (
				5B8C2F771C321E1A0024C4FF /* Base */,
			);
			name = LaunchScreen.storyboard;
			sourceTree = "<group>";
		};
/* End PBXVariantGroup section */

/* Begin XCBuildConfiguration section */
		5B8C2F7A1C321E1A0024C4FF /* Debug */ = {
			isa = XCBuildConfiguration;
			buildSettings = {
				ALWAYS_SEARCH_USER_PATHS = NO;
				CLANG_CXX_LANGUAGE_STANDARD = "gnu++0x";
				CLANG_CXX_LIBRARY = "libc++";
				CLANG_ENABLE_MODULES = YES;
				CLANG_ENABLE_OBJC_ARC = YES;
				CLANG_WARN_BOOL_CONVERSION = YES;
				CLANG_WARN_CONSTANT_CONVERSION = YES;
				CLANG_WARN_DIRECT_OBJC_ISA_USAGE = YES_ERROR;
				CLANG_WARN_EMPTY_BODY = YES;
				CLANG_WARN_ENUM_CONVERSION = YES;
				CLANG_WARN_INT_CONVERSION = YES;
				CLANG_WARN_OBJC_ROOT_CLASS = YES_ERROR;
				CLANG_WARN_UNREACHABLE_CODE = YES;
				CLANG_WARN__DUPLICATE_METHOD_MATCH = YES;
				"CODE_SIGN_IDENTITY[sdk=iphoneos*]" = "iPhone Developer";
				COPY_PHASE_STRIP = NO;
				DEBUG_INFORMATION_FORMAT = dwarf;
				ENABLE_STRICT_OBJC_MSGSEND = YES;
				ENABLE_TESTABILITY = YES;
				GCC_C_LANGUAGE_STANDARD = gnu99;
				GCC_DYNAMIC_NO_PIC = NO;
				GCC_NO_COMMON_BLOCKS = YES;
				GCC_OPTIMIZATION_LEVEL = 0;
				GCC_PREPROCESSOR_DEFINITIONS = (
					"DEBUG=1",
					"$(inherited)",
				);
				GCC_WARN_64_TO_32_BIT_CONVERSION = YES;
				GCC_WARN_ABOUT_RETURN_TYPE = YES_ERROR;
				GCC_WARN_UNDECLARED_SELECTOR = YES;
				GCC_WARN_UNINITIALIZED_AUTOS = YES_AGGRESSIVE;
				GCC_WARN_UNUSED_FUNCTION = YES;
				GCC_WARN_UNUSED_VARIABLE = YES;
				IPHONEOS_DEPLOYMENT_TARGET = 9.1;
				MTL_ENABLE_DEBUG_INFO = YES;
				ONLY_ACTIVE_ARCH = YES;
				SDKROOT = iphoneos;
			};
			name = Debug;
		};
		5B8C2F7B1C321E1A0024C4FF /* Release */ = {
			isa = XCBuildConfiguration;
			buildSettings = {
				ALWAYS_SEARCH_USER_PATHS = NO;
				CLANG_CXX_LANGUAGE_STANDARD = "gnu++0x";
				CLANG_CXX_LIBRARY = "libc++";
				CLANG_ENABLE_MODULES = YES;
				CLANG_ENABLE_OBJC_ARC = YES;
				CLANG_WARN_BOOL_CONVERSION = YES;
				CLANG_WARN_CONSTANT_CONVERSION = YES;
				CLANG_WARN_DIRECT_OBJC_ISA_USAGE = YES_ERROR;
				CLANG_WARN_EMPTY_BODY = YES;
				CLANG_WARN_ENUM_CONVERSION = YES;
				CLANG_WARN_INT_CONVERSION = YES;
				CLANG_WARN_OBJC_ROOT_CLASS = YES_ERROR;
				CLANG_WARN_UNREACHABLE_CODE = YES;
				CLANG_WARN__DUPLICATE_METHOD_MATCH = YES;
				"CODE_SIGN_IDENTITY[sdk=iphoneos*]" = "iPhone Developer";
				COPY_PHASE_STRIP = NO;
				DEBUG_INFORMATION_FORMAT = "dwarf-with-dsym";
				ENABLE_NS_ASSERTIONS = NO;
				ENABLE_STRICT_OBJC_MSGSEND = YES;
				GCC_C_LANGUAGE_STANDARD = gnu99;
				GCC_NO_COMMON_BLOCKS = YES;
				GCC_WARN_64_TO_32_BIT_CONVERSION = YES;
				GCC_WARN_ABOUT_RETURN_TYPE = YES_ERROR;
				GCC_WARN_UNDECLARED_SELECTOR = YES;
				GCC_WARN_UNINITIALIZED_AUTOS = YES_AGGRESSIVE;
				GCC_WARN_UNUSED_FUNCTION = YES;
				GCC_WARN_UNUSED_VARIABLE = YES;
				IPHONEOS_DEPLOYMENT_TARGET = 9.1;
				MTL_ENABLE_DEBUG_INFO = NO;
				SDKROOT = iphoneos;
				VALIDATE_PRODUCT = YES;
			};
			name = Release;
		};
		5B8C2F7D1C321E1A0024C4FF /* Debug */ = {
			isa = XCBuildConfiguration;
			baseConfigurationReference = 9C3D6C4176B84EBF2D2913C3 /* Pods.debug.xcconfig */;
			buildSettings = {
				ASSETCATALOG_COMPILER_APPICON_NAME = AppIcon;
				CODE_SIGN_IDENTITY = "iPhone Developer";
				"CODE_SIGN_IDENTITY[sdk=iphoneos*]" = "iPhone Developer";
				GCC_PREFIX_HEADER = "SFToLF-Prefix.pch";
				INFOPLIST_FILE = SFToLF/Info.plist;
				LD_RUNPATH_SEARCH_PATHS = "$(inherited) @executable_path/Frameworks";
				PRODUCT_BUNDLE_IDENTIFIER = com.r2i.SFToLF;
				PRODUCT_NAME = "$(TARGET_NAME)";
				PROVISIONING_PROFILE = "";
			};
			name = Debug;
		};
		5B8C2F7E1C321E1A0024C4FF /* Release */ = {
			isa = XCBuildConfiguration;
			baseConfigurationReference = D330B7275AD038B295742A04 /* Pods.release.xcconfig */;
			buildSettings = {
				ASSETCATALOG_COMPILER_APPICON_NAME = AppIcon;
				CODE_SIGN_IDENTITY = "iPhone Developer";
				"CODE_SIGN_IDENTITY[sdk=iphoneos*]" = "iPhone Developer";
				GCC_PREFIX_HEADER = "SFToLF-Prefix.pch";
				INFOPLIST_FILE = SFToLF/Info.plist;
				LD_RUNPATH_SEARCH_PATHS = "$(inherited) @executable_path/Frameworks";
				PRODUCT_BUNDLE_IDENTIFIER = com.r2i.SFToLF;
				PRODUCT_NAME = "$(TARGET_NAME)";
				PROVISIONING_PROFILE = "";
			};
			name = Release;
		};
/* End XCBuildConfiguration section */

/* Begin XCConfigurationList section */
		5B8C2F601C321E1A0024C4FF /* Build configuration list for PBXProject "SFToLF" */ = {
			isa = XCConfigurationList;
			buildConfigurations = (
				5B8C2F7A1C321E1A0024C4FF /* Debug */,
				5B8C2F7B1C321E1A0024C4FF /* Release */,
			);
			defaultConfigurationIsVisible = 0;
			defaultConfigurationName = Release;
		};
		5B8C2F7C1C321E1A0024C4FF /* Build configuration list for PBXNativeTarget "SFToLF" */ = {
			isa = XCConfigurationList;
			buildConfigurations = (
				5B8C2F7D1C321E1A0024C4FF /* Debug */,
				5B8C2F7E1C321E1A0024C4FF /* Release */,
			);
			defaultConfigurationIsVisible = 0;
			defaultConfigurationName = Release;
		};
/* End XCConfigurationList section */
	};
	rootObject = 5B8C2F5D1C321E1A0024C4FF /* Project object */;
}
